
Microsoft Visual Studio Solution File, Format Version 12.00
# Visual Studio Version 16
VisualStudioVersion = 16.0.30711.63
MinimumVisualStudioVersion = 10.0.40219.1
Project("{9A19103F-16F7-4668-BE54-9A1E7A4F7556}") = "ProductMicroService", "ProductMicroService.csproj", "{41E7504D-25D9-4D98-AE6E-3E9DD3E5CF11}"
EndProject
Project("{9A19103F-16F7-4668-BE54-9A1E7A4F7556}") = "ProductMicroServiceTest", "..\ProductMicroServiceTest\ProductMicroServiceTest.csproj", "{86FB2960-F2B0-469A-97A7-BEA538123ADE}"
EndProject
Global
	GlobalSection(SolutionConfigurationPlatforms) = preSolution
		Debug|Any CPU = Debug|Any CPU
		Release|Any CPU = Release|Any CPU
	EndGlobalSection
	GlobalSection(ProjectConfigurationPlatforms) = postSolution
		{41E7504D-25D9-4D98-AE6E-3E9DD3E5CF11}.Debug|Any CPU.ActiveCfg = Debug|Any CPU
		{41E7504D-25D9-4D98-AE6E-3E9DD3E5CF11}.Debug|Any CPU.Build.0 = Debug|Any CPU
		{41E7504D-25D9-4D98-AE6E-3E9DD3E5CF11}.Release|Any CPU.ActiveCfg = Release|Any CPU
		{41E7504D-25D9-4D98-AE6E-3E9DD3E5CF11}.Release|Any CPU.Build.0 = Release|Any CPU
		{86FB2960-F2B0-469A-97A7-BEA538123ADE}.Debug|Any CPU.ActiveCfg = Debug|Any CPU
		{86FB2960-F2B0-469A-97A7-BEA538123ADE}.Debug|Any CPU.Build.0 = Debug|Any CPU
		{86FB2960-F2B0-469A-97A7-BEA538123ADE}.Release|Any CPU.ActiveCfg = Release|Any CPU
		{86FB2960-F2B0-469A-97A7-BEA538123ADE}.Release|Any CPU.Build.0 = Release|Any CPU
	EndGlobalSection
	GlobalSection(SolutionProperties) = preSolution
		HideSolutionNode = FALSE
	EndGlobalSection
	GlobalSection(ExtensibilityGlobals) = postSolution
		SolutionGuid = {848C2212-E4B6-4FAF-9DAB-241BD570F66A}
	EndGlobalSection
EndGlobal
